
Microsoft Visual Studio Solution File, Format Version 12.00
# Visual Studio Version 17
VisualStudioVersion = 17.0.31903.59
MinimumVisualStudioVersion = 10.0.40219.1
Project("{9A19103F-16F7-4668-BE54-9A1E7A4F7556}") = "publisher", "publisher\publisher.csproj", "{D184878B-AD65-4BE1-A1BF-051050648688}"
EndProject
Project("{9A19103F-16F7-4668-BE54-9A1E7A4F7556}") = "subscriber", "subscriber\subscriber.csproj", "{FC6137C4-2C48-42E6-82EE-92CC7E7808C1}"
EndProject
Project("{FAE04EC0-301F-11D3-BF4B-00C04F79EFBC}") = "baselibrary", "baselibrary\baselibrary.csproj", "{F32FA13F-6B9A-46E5-9FA2-1CE86071212B}"
EndProject
Global
	GlobalSection(SolutionConfigurationPlatforms) = preSolution
		Debug|Any CPU = Debug|Any CPU
		Release|Any CPU = Release|Any CPU
	EndGlobalSection
	GlobalSection(ProjectConfigurationPlatforms) = postSolution
		{D184878B-AD65-4BE1-A1BF-051050648688}.Debug|Any CPU.ActiveCfg = Debug|Any CPU
		{D184878B-AD65-4BE1-A1BF-051050648688}.Debug|Any CPU.Build.0 = Debug|Any CPU
		{D184878B-AD65-4BE1-A1BF-051050648688}.Release|Any CPU.ActiveCfg = Release|Any CPU
		{D184878B-AD65-4BE1-A1BF-051050648688}.Release|Any CPU.Build.0 = Release|Any CPU
		{FC6137C4-2C48-42E6-82EE-92CC7E7808C1}.Debug|Any CPU.ActiveCfg = Debug|Any CPU
		{FC6137C4-2C48-42E6-82EE-92CC7E7808C1}.Debug|Any CPU.Build.0 = Debug|Any CPU
		{FC6137C4-2C48-42E6-82EE-92CC7E7808C1}.Release|Any CPU.ActiveCfg = Release|Any CPU
		{FC6137C4-2C48-42E6-82EE-92CC7E7808C1}.Release|Any CPU.Build.0 = Release|Any CPU
		{F32FA13F-6B9A-46E5-9FA2-1CE86071212B}.Debug|Any CPU.ActiveCfg = Debug|Any CPU
		{F32FA13F-6B9A-46E5-9FA2-1CE86071212B}.Debug|Any CPU.Build.0 = Debug|Any CPU
		{F32FA13F-6B9A-46E5-9FA2-1CE86071212B}.Release|Any CPU.ActiveCfg = Release|Any CPU
		{F32FA13F-6B9A-46E5-9FA2-1CE86071212B}.Release|Any CPU.Build.0 = Release|Any CPU
	EndGlobalSection
	GlobalSection(SolutionProperties) = preSolution
		HideSolutionNode = FALSE
	EndGlobalSection
	GlobalSection(ExtensibilityGlobals) = postSolution
		SolutionGuid = {277A0E01-F3B1-40B1-A080-5508F532E277}
	EndGlobalSection
EndGlobal
